<?xml version="1.0" encoding="UTF-8" standalone="yes" ?>
<CodeBlocks_project_file>
	<FileVersion major="1" minor="6" />
	<Project>
		<Option title="my-project" />
		<Option pch_mode="2" />
		<Option compiler="gcc" />
		<Build>
			<Target title="Release">
				<Option output="bin/Release/my-project" prefix_auto="1" extension_auto="1" />
				<Option object_output="obj/Release/" />
				<Option type="1" />
				<Option compiler="gcc" />
				<Option use_console_runner="0" />
				<Compiler>
					<Add option="-O2" />
					<Add option="-fpermissive" />
					<Add directory="include" />
					<Add directory="QuakeConsole" />
					<Add directory="scene" />
					<Add directory="src" />
				</Compiler>
				<Linker>
					<Add option="-s" />
					<Add option="-lgdi32" />
					<Add option="-lopengl32" />
					<Add option="-lz" />
				</Linker>
			</Target>
		</Build>
		<Compiler>
			<Add option="-Wall" />
			<Add option="-fexceptions" />
		</Compiler>
		<Unit filename="App.cpp" />
		<Unit filename="App.h" />
		<Unit filename="MyWindow.cpp" />
		<Unit filename="MyWindow.h" />
		<Unit filename="QCTextBuffer.cpp" />
		<Unit filename="QCTextBuffer.h" />
		<Unit filename="QuakeConsole/CommandInterpretor.cpp" />
		<Unit filename="QuakeConsole/CommandInterpretor.h" />
		<Unit filename="QuakeConsole/CommandLine.cpp" />
		<Unit filename="QuakeConsole/CommandLine.h" />
		<Unit filename="QuakeConsole/Font.cpp" />
		<Unit filename="QuakeConsole/Font.h" />
		<Unit filename="QuakeConsole/QCBackplate.cpp" />
		<Unit filename="QuakeConsole/QCBackplate.h" />
		<Unit filename="QuakeConsole/QuakeConsole.cpp" />
		<Unit filename="QuakeConsole/QuakeConsole.h" />
		<Unit filename="QuakeConsole/TextArea.cpp" />
		<Unit filename="QuakeConsole/TextArea.h" />
		<Unit filename="QuakeConsole/TextDefs.cpp" />
		<Unit filename="QuakeConsole/TextDefs.h" />
		<Unit filename="__trash.cpp" />
		<Unit filename="__trash.h" />
		<Unit filename="_trash.h" />
		<Unit filename="include/Camera.cpp" />
		<Unit filename="include/Camera.h" />
		<Unit filename="include/Object.cpp" />
		<Unit filename="include/Object.h" />
		<Unit filename="include/Renderer.cpp" />
		<Unit filename="include/Renderer.h" />
		<Unit filename="include/shaders.cpp" />
		<Unit filename="include/shaders.h" />
		<Unit filename="main.cpp" />
		<Unit filename="mat.cpp" />
		<Unit filename="mat.h" />
		<Unit filename="scene/Entity.cpp" />
		<Unit filename="scene/Entity.h" />
		<Unit filename="scene/Scene.cpp" />
		<Unit filename="scene/Scene.h" />
		<Unit filename="src/BMPLoad.cpp" />
		<Unit filename="src/BMPLoad.h" />
		<Unit filename="src/DDSLoad.cpp" />
		<Unit filename="src/DDSLoad.h" />
		<Unit filename="src/IMAGELoad.cpp" />
		<Unit filename="src/IMAGELoad.h" />
		<Unit filename="src/Model.cpp" />
		<Unit filename="src/Model.h" />
		<Unit filename="src/PNGLoad.cpp" />
		<Unit filename="src/PNGLoad.h" />
		<Unit filename="src/dds.h" />
		<Extensions>
			<code_completion />
			<envvars />
			<debugger />
			<lib_finder disable_auto="1" />
		</Extensions>
	</Project>
</CodeBlocks_project_file>
